
Microsoft Visual Studio Solution File, Format Version 11.00
# Visual Studio 2010
Project("{8BC9CEB8-8B4A-11D0-8D11-00A0C91BC942}") = "K_means", "K_means\K_means.vcxproj", "{44C355E0-FABE-4090-8327-CF0CC1B56C6B}"
EndProject
Global
	GlobalSection(SolutionConfigurationPlatforms) = preSolution
		Debug|Win32 = Debug|Win32
		Release|Win32 = Release|Win32
	EndGlobalSection
	GlobalSection(ProjectConfigurationPlatforms) = postSolution
		{44C355E0-FABE-4090-8327-CF0CC1B56C6B}.Debug|Win32.ActiveCfg = Debug|Win32
		{44C355E0-FABE-4090-8327-CF0CC1B56C6B}.Debug|Win32.Build.0 = Debug|Win32
		{44C355E0-FABE-4090-8327-CF0CC1B56C6B}.Release|Win32.ActiveCfg = Release|Win32
		{44C355E0-FABE-4090-8327-CF0CC1B56C6B}.Release|Win32.Build.0 = Release|Win32
	EndGlobalSection
	GlobalSection(SolutionProperties) = preSolution
		HideSolutionNode = FALSE
	EndGlobalSection
EndGlobal
