
Microsoft Visual Studio Solution File, Format Version 11.00
# Visual Studio 2010
Project("{8BC9CEB8-8B4A-11D0-8D11-00A0C91BC942}") = "LBG_algorithm", "LBG_algorithm\LBG_algorithm.vcxproj", "{B70C5715-0045-4B98-B291-18644C3258E6}"
EndProject
Global
	GlobalSection(SolutionConfigurationPlatforms) = preSolution
		Debug|Win32 = Debug|Win32
		Release|Win32 = Release|Win32
	EndGlobalSection
	GlobalSection(ProjectConfigurationPlatforms) = postSolution
		{B70C5715-0045-4B98-B291-18644C3258E6}.Debug|Win32.ActiveCfg = Debug|Win32
		{B70C5715-0045-4B98-B291-18644C3258E6}.Debug|Win32.Build.0 = Debug|Win32
		{B70C5715-0045-4B98-B291-18644C3258E6}.Release|Win32.ActiveCfg = Release|Win32
		{B70C5715-0045-4B98-B291-18644C3258E6}.Release|Win32.Build.0 = Release|Win32
	EndGlobalSection
	GlobalSection(SolutionProperties) = preSolution
		HideSolutionNode = FALSE
	EndGlobalSection
EndGlobal
